
Microsoft Visual Studio Solution File, Format Version 12.00
# Visual Studio Version 16
VisualStudioVersion = 16.0.30611.23
MinimumVisualStudioVersion = 10.0.40219.1
Project("{FAE04EC0-301F-11D3-BF4B-00C04F79EFBC}") = "ProjectCsharp", "ProjectCsharp.csproj", "{455EA9C4-14ED-4072-BE9E-628C25C9187A}"
EndProject
Global
	GlobalSection(SolutionConfigurationPlatforms) = preSolution
		Debug|Any CPU = Debug|Any CPU
		Release|Any CPU = Release|Any CPU
	EndGlobalSection
	GlobalSection(ProjectConfigurationPlatforms) = postSolution
		{455EA9C4-14ED-4072-BE9E-628C25C9187A}.Debug|Any CPU.ActiveCfg = Debug|Any CPU
		{455EA9C4-14ED-4072-BE9E-628C25C9187A}.Debug|Any CPU.Build.0 = Debug|Any CPU
		{455EA9C4-14ED-4072-BE9E-628C25C9187A}.Release|Any CPU.ActiveCfg = Release|Any CPU
		{455EA9C4-14ED-4072-BE9E-628C25C9187A}.Release|Any CPU.Build.0 = Release|Any CPU
	EndGlobalSection
	GlobalSection(SolutionProperties) = preSolution
		HideSolutionNode = FALSE
	EndGlobalSection
	GlobalSection(ExtensibilityGlobals) = postSolution
		SolutionGuid = {72456848-9B09-4B0B-9136-03B88D57ADD8}
	EndGlobalSection
EndGlobal
